// !$*UTF8*$!
{
	archiveVersion = 1;
	classes = {
	};
	objectVersion = 56;
	objects = {

/* Begin PBXBuildFile section */
		5830E9E42BB5E46100ED6DEF /* AudioBloomApp.swift in Sources */ = {isa = PBXBuildFile; fileRef = 5830E9E32BB5E46100ED6DEF /* AudioBloomApp.swift */; };
		5830E9E82BB5E46200ED6DEF /* Assets.xcassets in Resources */ = {isa = PBXBuildFile; fileRef = 5830E9E72BB5E46200ED6DEF /* Assets.xcassets */; };
		5830E9EB2BB5E46200ED6DEF /* Preview Assets.xcassets in Resources */ = {isa = PBXBuildFile; fileRef = 5830E9EA2BB5E46200ED6DEF /* Preview Assets.xcassets */; };
		5830E9F52BB5E46A00ED6DEF /* AudioBloomTests.swift in Sources */ = {isa = PBXBuildFile; fileRef = 5830E9F42BB5E46A00ED6DEF /* AudioBloomTests.swift */; };
		5830E9FF2BB5E46A00ED6DEF /* AudioBloomUITests.swift in Sources */ = {isa = PBXBuildFile; fileRef = 5830E9FE2BB5E46A00ED6DEF /* AudioBloomUITests.swift */; };
		5830EA012BB5E46A00ED6DEF /* AudioBloomUITestsLaunchTests.swift in Sources */ = {isa = PBXBuildFile; fileRef = 5830EA002BB5E46A00ED6DEF /* AudioBloomUITestsLaunchTests.swift */; };
		5830EA152BB5E87A00ED6DEF /* HomeFeature.swift in Sources */ = {isa = PBXBuildFile; fileRef = 5830EA142BB5E87A00ED6DEF /* HomeFeature.swift */; };
		5830EA182BB5E89B00ED6DEF /* ComposableArchitecture in Frameworks */ = {isa = PBXBuildFile; productRef = 5830EA172BB5E89B00ED6DEF /* ComposableArchitecture */; };
		5830EA1A2BB5E8A700ED6DEF /* ComposableArchitectureExtras in Frameworks */ = {isa = PBXBuildFile; productRef = 5830EA192BB5E8A700ED6DEF /* ComposableArchitectureExtras */; };
		5830EA1C2BB5E8C300ED6DEF /* DataLoadingStatus.swift in Sources */ = {isa = PBXBuildFile; fileRef = 5830EA1B2BB5E8C300ED6DEF /* DataLoadingStatus.swift */; };
		5830EA1E2BB5E8DE00ED6DEF /* APIClient.swift in Sources */ = {isa = PBXBuildFile; fileRef = 5830EA1D2BB5E8DE00ED6DEF /* APIClient.swift */; };
		5830EA202BB5E8FB00ED6DEF /* book.json in Resources */ = {isa = PBXBuildFile; fileRef = 5830EA1F2BB5E8FB00ED6DEF /* book.json */; };
		5830EA222BB5E90E00ED6DEF /* Book.swift in Sources */ = {isa = PBXBuildFile; fileRef = 5830EA212BB5E90E00ED6DEF /* Book.swift */; };
		5830EA242BB5E94100ED6DEF /* Bundle + ext.swift in Sources */ = {isa = PBXBuildFile; fileRef = 5830EA232BB5E94100ED6DEF /* Bundle + ext.swift */; };
		5830EA262BB5E97400ED6DEF /* HomeView.swift in Sources */ = {isa = PBXBuildFile; fileRef = 5830EA252BB5E97400ED6DEF /* HomeView.swift */; };
		5830EA2A2BB5ED4500ED6DEF /* AudioPlayerClient.swift in Sources */ = {isa = PBXBuildFile; fileRef = 5830EA292BB5ED4500ED6DEF /* AudioPlayerClient.swift */; };
		5830EA2C2BB5F28800ED6DEF /* LiveAudioPlayerClient.swift in Sources */ = {isa = PBXBuildFile; fileRef = 5830EA2B2BB5F28800ED6DEF /* LiveAudioPlayerClient.swift */; };
		58D8E6AE2BB98E00009A824B /* Double + Ext.swift in Sources */ = {isa = PBXBuildFile; fileRef = 58D8E6AD2BB98E00009A824B /* Double + Ext.swift */; };
		58D8E6B22BB99569009A824B /* BookModeSwitcher.swift in Sources */ = {isa = PBXBuildFile; fileRef = 58D8E6B12BB99569009A824B /* BookModeSwitcher.swift */; };
		58D8E6BA2BBA8504009A824B /* PlayerControlsView.swift in Sources */ = {isa = PBXBuildFile; fileRef = 58D8E6B92BBA8504009A824B /* PlayerControlsView.swift */; };
		58D8E6BC2BBA85F1009A824B /* PlayerControlsFeature.swift in Sources */ = {isa = PBXBuildFile; fileRef = 58D8E6BB2BBA85F1009A824B /* PlayerControlsFeature.swift */; };
		58D8E6BF2BBBA60B009A824B /* BookReaderView.swift in Sources */ = {isa = PBXBuildFile; fileRef = 58D8E6BE2BBBA60B009A824B /* BookReaderView.swift */; };
		58D8E6C12BBBA650009A824B /* BookReaderFeature.swift in Sources */ = {isa = PBXBuildFile; fileRef = 58D8E6C02BBBA650009A824B /* BookReaderFeature.swift */; };
		58D8E6C32BBBA8A6009A824B /* BookModeSwitcherFeature.swift in Sources */ = {isa = PBXBuildFile; fileRef = 58D8E6C22BBBA8A6009A824B /* BookModeSwitcherFeature.swift */; };
		58D8E6C62BBC8867009A824B /* ImageLoaderManager.swift in Sources */ = {isa = PBXBuildFile; fileRef = 58D8E6C52BBC8867009A824B /* ImageLoaderManager.swift */; };
		58D8E6C92BBC88B5009A824B /* CashedAsyncImage.swift in Sources */ = {isa = PBXBuildFile; fileRef = 58D8E6C82BBC88B5009A824B /* CashedAsyncImage.swift */; };
		58D8E6CC2BBD5277009A824B /* LiveAPIClient.swift in Sources */ = {isa = PBXBuildFile; fileRef = 58D8E6CB2BBD5277009A824B /* LiveAPIClient.swift */; };
		58D8E6CE2BBD9A5D009A824B /* TimerCountdownFormatStyle.swift in Sources */ = {isa = PBXBuildFile; fileRef = 58D8E6CD2BBD9A5D009A824B /* TimerCountdownFormatStyle.swift */; };
		58D8E6D02BBDB45E009A824B /* Collection + Ext.swift in Sources */ = {isa = PBXBuildFile; fileRef = 58D8E6CF2BBDB45E009A824B /* Collection + Ext.swift */; };
		58E3ACD62BB697120077F2AA /* DLogger.swift in Sources */ = {isa = PBXBuildFile; fileRef = 58E3ACD52BB697120077F2AA /* DLogger.swift */; };
		58E3ACD82BB697820077F2AA /* ConsoleLogger.swift in Sources */ = {isa = PBXBuildFile; fileRef = 58E3ACD72BB697820077F2AA /* ConsoleLogger.swift */; };
/* End PBXBuildFile section */

/* Begin PBXContainerItemProxy section */
		5830E9F12BB5E46A00ED6DEF /* PBXContainerItemProxy */ = {
			isa = PBXContainerItemProxy;
			containerPortal = 5830E9D82BB5E46100ED6DEF /* Project object */;
			proxyType = 1;
			remoteGlobalIDString = 5830E9DF2BB5E46100ED6DEF;
			remoteInfo = AudioBloom;
		};
		5830E9FB2BB5E46A00ED6DEF /* PBXContainerItemProxy */ = {
			isa = PBXContainerItemProxy;
			containerPortal = 5830E9D82BB5E46100ED6DEF /* Project object */;
			proxyType = 1;
			remoteGlobalIDString = 5830E9DF2BB5E46100ED6DEF;
			remoteInfo = AudioBloom;
		};
/* End PBXContainerItemProxy section */

/* Begin PBXFileReference section */
		5830E9E02BB5E46100ED6DEF /* AudioBloom.app */ = {isa = PBXFileReference; explicitFileType = wrapper.application; includeInIndex = 0; path = AudioBloom.app; sourceTree = BUILT_PRODUCTS_DIR; };
		5830E9E32BB5E46100ED6DEF /* AudioBloomApp.swift */ = {isa = PBXFileReference; lastKnownFileType = sourcecode.swift; path = AudioBloomApp.swift; sourceTree = "<group>"; };
		5830E9E72BB5E46200ED6DEF /* Assets.xcassets */ = {isa = PBXFileReference; lastKnownFileType = folder.assetcatalog; path = Assets.xcassets; sourceTree = "<group>"; };
		5830E9EA2BB5E46200ED6DEF /* Preview Assets.xcassets */ = {isa = PBXFileReference; lastKnownFileType = folder.assetcatalog; path = "Preview Assets.xcassets"; sourceTree = "<group>"; };
		5830E9F02BB5E46A00ED6DEF /* AudioBloomTests.xctest */ = {isa = PBXFileReference; explicitFileType = wrapper.cfbundle; includeInIndex = 0; path = AudioBloomTests.xctest; sourceTree = BUILT_PRODUCTS_DIR; };
		5830E9F42BB5E46A00ED6DEF /* AudioBloomTests.swift */ = {isa = PBXFileReference; lastKnownFileType = sourcecode.swift; path = AudioBloomTests.swift; sourceTree = "<group>"; };
		5830E9FA2BB5E46A00ED6DEF /* AudioBloomUITests.xctest */ = {isa = PBXFileReference; explicitFileType = wrapper.cfbundle; includeInIndex = 0; path = AudioBloomUITests.xctest; sourceTree = BUILT_PRODUCTS_DIR; };
		5830E9FE2BB5E46A00ED6DEF /* AudioBloomUITests.swift */ = {isa = PBXFileReference; lastKnownFileType = sourcecode.swift; path = AudioBloomUITests.swift; sourceTree = "<group>"; };
		5830EA002BB5E46A00ED6DEF /* AudioBloomUITestsLaunchTests.swift */ = {isa = PBXFileReference; lastKnownFileType = sourcecode.swift; path = AudioBloomUITestsLaunchTests.swift; sourceTree = "<group>"; };
		5830EA142BB5E87A00ED6DEF /* HomeFeature.swift */ = {isa = PBXFileReference; lastKnownFileType = sourcecode.swift; path = HomeFeature.swift; sourceTree = "<group>"; };
		5830EA1B2BB5E8C300ED6DEF /* DataLoadingStatus.swift */ = {isa = PBXFileReference; lastKnownFileType = sourcecode.swift; path = DataLoadingStatus.swift; sourceTree = "<group>"; };
		5830EA1D2BB5E8DE00ED6DEF /* APIClient.swift */ = {isa = PBXFileReference; lastKnownFileType = sourcecode.swift; path = APIClient.swift; sourceTree = "<group>"; };
		5830EA1F2BB5E8FB00ED6DEF /* book.json */ = {isa = PBXFileReference; fileEncoding = 4; lastKnownFileType = text.json; path = book.json; sourceTree = "<group>"; };
		5830EA212BB5E90E00ED6DEF /* Book.swift */ = {isa = PBXFileReference; lastKnownFileType = sourcecode.swift; path = Book.swift; sourceTree = "<group>"; };
		5830EA232BB5E94100ED6DEF /* Bundle + ext.swift */ = {isa = PBXFileReference; lastKnownFileType = sourcecode.swift; path = "Bundle + ext.swift"; sourceTree = "<group>"; };
		5830EA252BB5E97400ED6DEF /* HomeView.swift */ = {isa = PBXFileReference; lastKnownFileType = sourcecode.swift; path = HomeView.swift; sourceTree = "<group>"; };
		5830EA292BB5ED4500ED6DEF /* AudioPlayerClient.swift */ = {isa = PBXFileReference; lastKnownFileType = sourcecode.swift; path = AudioPlayerClient.swift; sourceTree = "<group>"; };
		5830EA2B2BB5F28800ED6DEF /* LiveAudioPlayerClient.swift */ = {isa = PBXFileReference; lastKnownFileType = sourcecode.swift; path = LiveAudioPlayerClient.swift; sourceTree = "<group>"; };
		58D8E6AD2BB98E00009A824B /* Double + Ext.swift */ = {isa = PBXFileReference; lastKnownFileType = sourcecode.swift; path = "Double + Ext.swift"; sourceTree = "<group>"; };
		58D8E6B12BB99569009A824B /* BookModeSwitcher.swift */ = {isa = PBXFileReference; lastKnownFileType = sourcecode.swift; path = BookModeSwitcher.swift; sourceTree = "<group>"; };
		58D8E6B92BBA8504009A824B /* PlayerControlsView.swift */ = {isa = PBXFileReference; lastKnownFileType = sourcecode.swift; path = PlayerControlsView.swift; sourceTree = "<group>"; };
		58D8E6BB2BBA85F1009A824B /* PlayerControlsFeature.swift */ = {isa = PBXFileReference; lastKnownFileType = sourcecode.swift; path = PlayerControlsFeature.swift; sourceTree = "<group>"; };
		58D8E6BE2BBBA60B009A824B /* BookReaderView.swift */ = {isa = PBXFileReference; lastKnownFileType = sourcecode.swift; path = BookReaderView.swift; sourceTree = "<group>"; };
		58D8E6C02BBBA650009A824B /* BookReaderFeature.swift */ = {isa = PBXFileReference; lastKnownFileType = sourcecode.swift; path = BookReaderFeature.swift; sourceTree = "<group>"; };
		58D8E6C22BBBA8A6009A824B /* BookModeSwitcherFeature.swift */ = {isa = PBXFileReference; lastKnownFileType = sourcecode.swift; path = BookModeSwitcherFeature.swift; sourceTree = "<group>"; };
		58D8E6C52BBC8867009A824B /* ImageLoaderManager.swift */ = {isa = PBXFileReference; lastKnownFileType = sourcecode.swift; path = ImageLoaderManager.swift; sourceTree = "<group>"; };
		58D8E6C82BBC88B5009A824B /* CashedAsyncImage.swift */ = {isa = PBXFileReference; lastKnownFileType = sourcecode.swift; path = CashedAsyncImage.swift; sourceTree = "<group>"; };
		58D8E6CB2BBD5277009A824B /* LiveAPIClient.swift */ = {isa = PBXFileReference; lastKnownFileType = sourcecode.swift; path = LiveAPIClient.swift; sourceTree = "<group>"; };
		58D8E6CD2BBD9A5D009A824B /* TimerCountdownFormatStyle.swift */ = {isa = PBXFileReference; lastKnownFileType = sourcecode.swift; path = TimerCountdownFormatStyle.swift; sourceTree = "<group>"; };
		58D8E6CF2BBDB45E009A824B /* Collection + Ext.swift */ = {isa = PBXFileReference; lastKnownFileType = sourcecode.swift; path = "Collection + Ext.swift"; sourceTree = "<group>"; };
		58E3ACD52BB697120077F2AA /* DLogger.swift */ = {isa = PBXFileReference; lastKnownFileType = sourcecode.swift; path = DLogger.swift; sourceTree = "<group>"; };
		58E3ACD72BB697820077F2AA /* ConsoleLogger.swift */ = {isa = PBXFileReference; lastKnownFileType = sourcecode.swift; path = ConsoleLogger.swift; sourceTree = "<group>"; };
/* End PBXFileReference section */

/* Begin PBXFrameworksBuildPhase section */
		5830E9DD2BB5E46100ED6DEF /* Frameworks */ = {
			isa = PBXFrameworksBuildPhase;
			buildActionMask = 2147483647;
			files = (
				5830EA182BB5E89B00ED6DEF /* ComposableArchitecture in Frameworks */,
				5830EA1A2BB5E8A700ED6DEF /* ComposableArchitectureExtras in Frameworks */,
			);
			runOnlyForDeploymentPostprocessing = 0;
		};
		5830E9ED2BB5E46A00ED6DEF /* Frameworks */ = {
			isa = PBXFrameworksBuildPhase;
			buildActionMask = 2147483647;
			files = (
			);
			runOnlyForDeploymentPostprocessing = 0;
		};
		5830E9F72BB5E46A00ED6DEF /* Frameworks */ = {
			isa = PBXFrameworksBuildPhase;
			buildActionMask = 2147483647;
			files = (
			);
			runOnlyForDeploymentPostprocessing = 0;
		};
/* End PBXFrameworksBuildPhase section */

/* Begin PBXGroup section */
		5830E9D72BB5E46100ED6DEF = {
			isa = PBXGroup;
			children = (
				5830E9E22BB5E46100ED6DEF /* AudioBloom */,
				5830E9F32BB5E46A00ED6DEF /* AudioBloomTests */,
				5830E9FD2BB5E46A00ED6DEF /* AudioBloomUITests */,
				5830E9E12BB5E46100ED6DEF /* Products */,
				5830EA162BB5E89B00ED6DEF /* Frameworks */,
			);
			sourceTree = "<group>";
		};
		5830E9E12BB5E46100ED6DEF /* Products */ = {
			isa = PBXGroup;
			children = (
				5830E9E02BB5E46100ED6DEF /* AudioBloom.app */,
				5830E9F02BB5E46A00ED6DEF /* AudioBloomTests.xctest */,
				5830E9FA2BB5E46A00ED6DEF /* AudioBloomUITests.xctest */,
			);
			name = Products;
			sourceTree = "<group>";
		};
		5830E9E22BB5E46100ED6DEF /* AudioBloom */ = {
			isa = PBXGroup;
			children = (
				58D8E6AF2BB99449009A824B /* Application */,
				58D8E6B62BBA83E6009A824B /* UI */,
				5830EA272BB5ED1200ED6DEF /* Business */,
				5830EA102BB5E73700ED6DEF /* Data */,
				5830EA112BB5E74100ED6DEF /* Network */,
				5830EA122BB5E74800ED6DEF /* Extensions */,
				5830EA132BB5E77F00ED6DEF /* Resources */,
				58E3ACD32BB696D60077F2AA /* Helpers */,
				5830E9E92BB5E46200ED6DEF /* Preview Content */,
			);
			path = AudioBloom;
			sourceTree = "<group>";
		};
		5830E9E92BB5E46200ED6DEF /* Preview Content */ = {
			isa = PBXGroup;
			children = (
				5830E9EA2BB5E46200ED6DEF /* Preview Assets.xcassets */,
			);
			path = "Preview Content";
			sourceTree = "<group>";
		};
		5830E9F32BB5E46A00ED6DEF /* AudioBloomTests */ = {
			isa = PBXGroup;
			children = (
				5830E9F42BB5E46A00ED6DEF /* AudioBloomTests.swift */,
			);
			path = AudioBloomTests;
			sourceTree = "<group>";
		};
		5830E9FD2BB5E46A00ED6DEF /* AudioBloomUITests */ = {
			isa = PBXGroup;
			children = (
				5830E9FE2BB5E46A00ED6DEF /* AudioBloomUITests.swift */,
				5830EA002BB5E46A00ED6DEF /* AudioBloomUITestsLaunchTests.swift */,
			);
			path = AudioBloomUITests;
			sourceTree = "<group>";
		};
		5830EA0F2BB5E73200ED6DEF /* Home */ = {
			isa = PBXGroup;
			children = (
				5830EA252BB5E97400ED6DEF /* HomeView.swift */,
				5830EA142BB5E87A00ED6DEF /* HomeFeature.swift */,
				58D8E6B52BBA8352009A824B /* PlayerControls */,
				58D8E6BD2BBBA56F009A824B /* BookReader */,
				58D8E6B82BBA842D009A824B /* BookModeSwitcher */,
			);
			path = Home;
			sourceTree = "<group>";
		};
		5830EA102BB5E73700ED6DEF /* Data */ = {
			isa = PBXGroup;
			children = (
				5830EA212BB5E90E00ED6DEF /* Book.swift */,
			);
			path = Data;
			sourceTree = "<group>";
		};
		5830EA112BB5E74100ED6DEF /* Network */ = {
			isa = PBXGroup;
			children = (
				58D8E6CA2BBD5260009A824B /* Clients */,
				5830EA1B2BB5E8C300ED6DEF /* DataLoadingStatus.swift */,
			);
			path = Network;
			sourceTree = "<group>";
		};
		5830EA122BB5E74800ED6DEF /* Extensions */ = {
			isa = PBXGroup;
			children = (
				5830EA232BB5E94100ED6DEF /* Bundle + ext.swift */,
				58D8E6AD2BB98E00009A824B /* Double + Ext.swift */,
				58D8E6CF2BBDB45E009A824B /* Collection + Ext.swift */,
			);
			path = Extensions;
			sourceTree = "<group>";
		};
		5830EA132BB5E77F00ED6DEF /* Resources */ = {
			isa = PBXGroup;
			children = (
				5830E9E72BB5E46200ED6DEF /* Assets.xcassets */,
				5830EA1F2BB5E8FB00ED6DEF /* book.json */,
			);
			path = Resources;
			sourceTree = "<group>";
		};
		5830EA162BB5E89B00ED6DEF /* Frameworks */ = {
			isa = PBXGroup;
			children = (
			);
			name = Frameworks;
			sourceTree = "<group>";
		};
		5830EA272BB5ED1200ED6DEF /* Business */ = {
			isa = PBXGroup;
			children = (
				58D8E6C42BBC8850009A824B /* Managers */,
				5830EA282BB5ED2300ED6DEF /* Clients */,
			);
			path = Business;
			sourceTree = "<group>";
		};
		5830EA282BB5ED2300ED6DEF /* Clients */ = {
			isa = PBXGroup;
			children = (
				5830EA292BB5ED4500ED6DEF /* AudioPlayerClient.swift */,
				5830EA2B2BB5F28800ED6DEF /* LiveAudioPlayerClient.swift */,
			);
			path = Clients;
			sourceTree = "<group>";
		};
		58D8E6AF2BB99449009A824B /* Application */ = {
			isa = PBXGroup;
			children = (
				5830E9E32BB5E46100ED6DEF /* AudioBloomApp.swift */,
			);
			path = Application;
			sourceTree = "<group>";
		};
		58D8E6B52BBA8352009A824B /* PlayerControls */ = {
			isa = PBXGroup;
			children = (
				58D8E6B92BBA8504009A824B /* PlayerControlsView.swift */,
				58D8E6BB2BBA85F1009A824B /* PlayerControlsFeature.swift */,
			);
			path = PlayerControls;
			sourceTree = "<group>";
		};
		58D8E6B62BBA83E6009A824B /* UI */ = {
			isa = PBXGroup;
			children = (
				58D8E6C72BBC8899009A824B /* Shared */,
				58D8E6B72BBA8400009A824B /* Scenes */,
			);
			path = UI;
			sourceTree = "<group>";
		};
		58D8E6B72BBA8400009A824B /* Scenes */ = {
			isa = PBXGroup;
			children = (
				5830EA0F2BB5E73200ED6DEF /* Home */,
			);
			path = Scenes;
			sourceTree = "<group>";
		};
		58D8E6B82BBA842D009A824B /* BookModeSwitcher */ = {
			isa = PBXGroup;
			children = (
				58D8E6B12BB99569009A824B /* BookModeSwitcher.swift */,
				58D8E6C22BBBA8A6009A824B /* BookModeSwitcherFeature.swift */,
			);
			path = BookModeSwitcher;
			sourceTree = "<group>";
		};
		58D8E6BD2BBBA56F009A824B /* BookReader */ = {
			isa = PBXGroup;
			children = (
				58D8E6BE2BBBA60B009A824B /* BookReaderView.swift */,
				58D8E6C02BBBA650009A824B /* BookReaderFeature.swift */,
			);
			path = BookReader;
			sourceTree = "<group>";
		};
		58D8E6C42BBC8850009A824B /* Managers */ = {
			isa = PBXGroup;
			children = (
				58D8E6C52BBC8867009A824B /* ImageLoaderManager.swift */,
			);
			path = Managers;
			sourceTree = "<group>";
		};
		58D8E6C72BBC8899009A824B /* Shared */ = {
			isa = PBXGroup;
			children = (
				58D8E6C82BBC88B5009A824B /* CashedAsyncImage.swift */,
				58D8E6CD2BBD9A5D009A824B /* TimerCountdownFormatStyle.swift */,
			);
			path = Shared;
			sourceTree = "<group>";
		};
		58D8E6CA2BBD5260009A824B /* Clients */ = {
			isa = PBXGroup;
			children = (
				5830EA1D2BB5E8DE00ED6DEF /* APIClient.swift */,
				58D8E6CB2BBD5277009A824B /* LiveAPIClient.swift */,
			);
			path = Clients;
			sourceTree = "<group>";
		};
		58E3ACD32BB696D60077F2AA /* Helpers */ = {
			isa = PBXGroup;
			children = (
				58E3ACD42BB696EB0077F2AA /* Logger */,
			);
			path = Helpers;
			sourceTree = "<group>";
		};
		58E3ACD42BB696EB0077F2AA /* Logger */ = {
			isa = PBXGroup;
			children = (
				58E3ACD52BB697120077F2AA /* DLogger.swift */,
				58E3ACD72BB697820077F2AA /* ConsoleLogger.swift */,
			);
			path = Logger;
			sourceTree = "<group>";
		};
/* End PBXGroup section */

/* Begin PBXNativeTarget section */
		5830E9DF2BB5E46100ED6DEF /* AudioBloom */ = {
			isa = PBXNativeTarget;
			buildConfigurationList = 5830EA042BB5E46A00ED6DEF /* Build configuration list for PBXNativeTarget "AudioBloom" */;
			buildPhases = (
				5830E9DC2BB5E46100ED6DEF /* Sources */,
				5830E9DD2BB5E46100ED6DEF /* Frameworks */,
				5830E9DE2BB5E46100ED6DEF /* Resources */,
			);
			buildRules = (
			);
			dependencies = (
			);
			name = AudioBloom;
			packageProductDependencies = (
				5830EA172BB5E89B00ED6DEF /* ComposableArchitecture */,
				5830EA192BB5E8A700ED6DEF /* ComposableArchitectureExtras */,
			);
			productName = AudioBloom;
			productReference = 5830E9E02BB5E46100ED6DEF /* AudioBloom.app */;
			productType = "com.apple.product-type.application";
		};
		5830E9EF2BB5E46A00ED6DEF /* AudioBloomTests */ = {
			isa = PBXNativeTarget;
			buildConfigurationList = 5830EA072BB5E46A00ED6DEF /* Build configuration list for PBXNativeTarget "AudioBloomTests" */;
			buildPhases = (
				5830E9EC2BB5E46A00ED6DEF /* Sources */,
				5830E9ED2BB5E46A00ED6DEF /* Frameworks */,
				5830E9EE2BB5E46A00ED6DEF /* Resources */,
			);
			buildRules = (
			);
			dependencies = (
				5830E9F22BB5E46A00ED6DEF /* PBXTargetDependency */,
			);
			name = AudioBloomTests;
			productName = AudioBloomTests;
			productReference = 5830E9F02BB5E46A00ED6DEF /* AudioBloomTests.xctest */;
			productType = "com.apple.product-type.bundle.unit-test";
		};
		5830E9F92BB5E46A00ED6DEF /* AudioBloomUITests */ = {
			isa = PBXNativeTarget;
			buildConfigurationList = 5830EA0A2BB5E46A00ED6DEF /* Build configuration list for PBXNativeTarget "AudioBloomUITests" */;
			buildPhases = (
				5830E9F62BB5E46A00ED6DEF /* Sources */,
				5830E9F72BB5E46A00ED6DEF /* Frameworks */,
				5830E9F82BB5E46A00ED6DEF /* Resources */,
			);
			buildRules = (
			);
			dependencies = (
				5830E9FC2BB5E46A00ED6DEF /* PBXTargetDependency */,
			);
			name = AudioBloomUITests;
			productName = AudioBloomUITests;
			productReference = 5830E9FA2BB5E46A00ED6DEF /* AudioBloomUITests.xctest */;
			productType = "com.apple.product-type.bundle.ui-testing";
		};
/* End PBXNativeTarget section */

/* Begin PBXProject section */
		5830E9D82BB5E46100ED6DEF /* Project object */ = {
			isa = PBXProject;
			attributes = {
				BuildIndependentTargetsInParallel = 1;
				LastSwiftUpdateCheck = 1530;
				LastUpgradeCheck = 1530;
				TargetAttributes = {
					5830E9DF2BB5E46100ED6DEF = {
						CreatedOnToolsVersion = 15.3;
					};
					5830E9EF2BB5E46A00ED6DEF = {
						CreatedOnToolsVersion = 15.3;
						TestTargetID = 5830E9DF2BB5E46100ED6DEF;
					};
					5830E9F92BB5E46A00ED6DEF = {
						CreatedOnToolsVersion = 15.3;
						TestTargetID = 5830E9DF2BB5E46100ED6DEF;
					};
				};
			};
			buildConfigurationList = 5830E9DB2BB5E46100ED6DEF /* Build configuration list for PBXProject "AudioBloom" */;
			compatibilityVersion = "Xcode 14.0";
			developmentRegion = en;
			hasScannedForEncodings = 0;
			knownRegions = (
				en,
				Base,
			);
			mainGroup = 5830E9D72BB5E46100ED6DEF;
			packageReferences = (
				5830EA0D2BB5E5A000ED6DEF /* XCRemoteSwiftPackageReference "swift-composable-architecture" */,
				5830EA0E2BB5E5E400ED6DEF /* XCRemoteSwiftPackageReference "swift-composable-architecture-extras" */,
			);
			productRefGroup = 5830E9E12BB5E46100ED6DEF /* Products */;
			projectDirPath = "";
			projectRoot = "";
			targets = (
				5830E9DF2BB5E46100ED6DEF /* AudioBloom */,
				5830E9EF2BB5E46A00ED6DEF /* AudioBloomTests */,
				5830E9F92BB5E46A00ED6DEF /* AudioBloomUITests */,
			);
		};
/* End PBXProject section */

/* Begin PBXResourcesBuildPhase section */
		5830E9DE2BB5E46100ED6DEF /* Resources */ = {
			isa = PBXResourcesBuildPhase;
			buildActionMask = 2147483647;
			files = (
				5830E9EB2BB5E46200ED6DEF /* Preview Assets.xcassets in Resources */,
				5830E9E82BB5E46200ED6DEF /* Assets.xcassets in Resources */,
				5830EA202BB5E8FB00ED6DEF /* book.json in Resources */,
			);
			runOnlyForDeploymentPostprocessing = 0;
		};
		5830E9EE2BB5E46A00ED6DEF /* Resources */ = {
			isa = PBXResourcesBuildPhase;
			buildActionMask = 2147483647;
			files = (
			);
			runOnlyForDeploymentPostprocessing = 0;
		};
		5830E9F82BB5E46A00ED6DEF /* Resources */ = {
			isa = PBXResourcesBuildPhase;
			buildActionMask = 2147483647;
			files = (
			);
			runOnlyForDeploymentPostprocessing = 0;
		};
/* End PBXResourcesBuildPhase section */

/* Begin PBXSourcesBuildPhase section */
		5830E9DC2BB5E46100ED6DEF /* Sources */ = {
			isa = PBXSourcesBuildPhase;
			buildActionMask = 2147483647;
			files = (
				58D8E6C62BBC8867009A824B /* ImageLoaderManager.swift in Sources */,
				58D8E6C92BBC88B5009A824B /* CashedAsyncImage.swift in Sources */,
				58D8E6CE2BBD9A5D009A824B /* TimerCountdownFormatStyle.swift in Sources */,
				58D8E6BF2BBBA60B009A824B /* BookReaderView.swift in Sources */,
				58D8E6B22BB99569009A824B /* BookModeSwitcher.swift in Sources */,
				5830EA2A2BB5ED4500ED6DEF /* AudioPlayerClient.swift in Sources */,
				5830EA152BB5E87A00ED6DEF /* HomeFeature.swift in Sources */,
				58D8E6C12BBBA650009A824B /* BookReaderFeature.swift in Sources */,
				58D8E6BC2BBA85F1009A824B /* PlayerControlsFeature.swift in Sources */,
				5830EA2C2BB5F28800ED6DEF /* LiveAudioPlayerClient.swift in Sources */,
				5830EA222BB5E90E00ED6DEF /* Book.swift in Sources */,
				58E3ACD62BB697120077F2AA /* DLogger.swift in Sources */,
				58D8E6D02BBDB45E009A824B /* Collection + Ext.swift in Sources */,
				5830EA1C2BB5E8C300ED6DEF /* DataLoadingStatus.swift in Sources */,
				58D8E6AE2BB98E00009A824B /* Double + Ext.swift in Sources */,
				5830EA1E2BB5E8DE00ED6DEF /* APIClient.swift in Sources */,
				5830EA262BB5E97400ED6DEF /* HomeView.swift in Sources */,
				58E3ACD82BB697820077F2AA /* ConsoleLogger.swift in Sources */,
				58D8E6BA2BBA8504009A824B /* PlayerControlsView.swift in Sources */,
				5830EA242BB5E94100ED6DEF /* Bundle + ext.swift in Sources */,
				58D8E6CC2BBD5277009A824B /* LiveAPIClient.swift in Sources */,
				58D8E6C32BBBA8A6009A824B /* BookModeSwitcherFeature.swift in Sources */,
				5830E9E42BB5E46100ED6DEF /* AudioBloomApp.swift in Sources */,
			);
			runOnlyForDeploymentPostprocessing = 0;
		};
		5830E9EC2BB5E46A00ED6DEF /* Sources */ = {
			isa = PBXSourcesBuildPhase;
			buildActionMask = 2147483647;
			files = (
				5830E9F52BB5E46A00ED6DEF /* AudioBloomTests.swift in Sources */,
			);
			runOnlyForDeploymentPostprocessing = 0;
		};
		5830E9F62BB5E46A00ED6DEF /* Sources */ = {
			isa = PBXSourcesBuildPhase;
			buildActionMask = 2147483647;
			files = (
				5830E9FF2BB5E46A00ED6DEF /* AudioBloomUITests.swift in Sources */,
				5830EA012BB5E46A00ED6DEF /* AudioBloomUITestsLaunchTests.swift in Sources */,
			);
			runOnlyForDeploymentPostprocessing = 0;
		};
/* End PBXSourcesBuildPhase section */

/* Begin PBXTargetDependency section */
		5830E9F22BB5E46A00ED6DEF /* PBXTargetDependency */ = {
			isa = PBXTargetDependency;
			target = 5830E9DF2BB5E46100ED6DEF /* AudioBloom */;
			targetProxy = 5830E9F12BB5E46A00ED6DEF /* PBXContainerItemProxy */;
		};
		5830E9FC2BB5E46A00ED6DEF /* PBXTargetDependency */ = {
			isa = PBXTargetDependency;
			target = 5830E9DF2BB5E46100ED6DEF /* AudioBloom */;
			targetProxy = 5830E9FB2BB5E46A00ED6DEF /* PBXContainerItemProxy */;
		};
/* End PBXTargetDependency section */

/* Begin XCBuildConfiguration section */
		5830EA022BB5E46A00ED6DEF /* Debug */ = {
			isa = XCBuildConfiguration;
			buildSettings = {
				ALWAYS_SEARCH_USER_PATHS = NO;
				ASSETCATALOG_COMPILER_GENERATE_SWIFT_ASSET_SYMBOL_EXTENSIONS = YES;
				CLANG_ANALYZER_NONNULL = YES;
				CLANG_ANALYZER_NUMBER_OBJECT_CONVERSION = YES_AGGRESSIVE;
				CLANG_CXX_LANGUAGE_STANDARD = "gnu++20";
				CLANG_ENABLE_MODULES = YES;
				CLANG_ENABLE_OBJC_ARC = YES;
				CLANG_ENABLE_OBJC_WEAK = YES;
				CLANG_WARN_BLOCK_CAPTURE_AUTORELEASING = YES;
				CLANG_WARN_BOOL_CONVERSION = YES;
				CLANG_WARN_COMMA = YES;
				CLANG_WARN_CONSTANT_CONVERSION = YES;
				CLANG_WARN_DEPRECATED_OBJC_IMPLEMENTATIONS = YES;
				CLANG_WARN_DIRECT_OBJC_ISA_USAGE = YES_ERROR;
				CLANG_WARN_DOCUMENTATION_COMMENTS = YES;
				CLANG_WARN_EMPTY_BODY = YES;
				CLANG_WARN_ENUM_CONVERSION = YES;
				CLANG_WARN_INFINITE_RECURSION = YES;
				CLANG_WARN_INT_CONVERSION = YES;
				CLANG_WARN_NON_LITERAL_NULL_CONVERSION = YES;
				CLANG_WARN_OBJC_IMPLICIT_RETAIN_SELF = YES;
				CLANG_WARN_OBJC_LITERAL_CONVERSION = YES;
				CLANG_WARN_OBJC_ROOT_CLASS = YES_ERROR;
				CLANG_WARN_QUOTED_INCLUDE_IN_FRAMEWORK_HEADER = YES;
				CLANG_WARN_RANGE_LOOP_ANALYSIS = YES;
				CLANG_WARN_STRICT_PROTOTYPES = YES;
				CLANG_WARN_SUSPICIOUS_MOVE = YES;
				CLANG_WARN_UNGUARDED_AVAILABILITY = YES_AGGRESSIVE;
				CLANG_WARN_UNREACHABLE_CODE = YES;
				CLANG_WARN__DUPLICATE_METHOD_MATCH = YES;
				COPY_PHASE_STRIP = NO;
				DEBUG_INFORMATION_FORMAT = dwarf;
				ENABLE_STRICT_OBJC_MSGSEND = YES;
				ENABLE_TESTABILITY = YES;
				ENABLE_USER_SCRIPT_SANDBOXING = YES;
				GCC_C_LANGUAGE_STANDARD = gnu17;
				GCC_DYNAMIC_NO_PIC = NO;
				GCC_NO_COMMON_BLOCKS = YES;
				GCC_OPTIMIZATION_LEVEL = 0;
				GCC_PREPROCESSOR_DEFINITIONS = (
					"DEBUG=1",
					"$(inherited)",
				);
				GCC_WARN_64_TO_32_BIT_CONVERSION = YES;
				GCC_WARN_ABOUT_RETURN_TYPE = YES_ERROR;
				GCC_WARN_UNDECLARED_SELECTOR = YES;
				GCC_WARN_UNINITIALIZED_AUTOS = YES_AGGRESSIVE;
				GCC_WARN_UNUSED_FUNCTION = YES;
				GCC_WARN_UNUSED_VARIABLE = YES;
				IPHONEOS_DEPLOYMENT_TARGET = 15.0;
				LOCALIZATION_PREFERS_STRING_CATALOGS = YES;
				MTL_ENABLE_DEBUG_INFO = INCLUDE_SOURCE;
				MTL_FAST_MATH = YES;
				ONLY_ACTIVE_ARCH = YES;
				SDKROOT = iphoneos;
				SWIFT_ACTIVE_COMPILATION_CONDITIONS = "DEBUG $(inherited)";
				SWIFT_OPTIMIZATION_LEVEL = "-Onone";
			};
			name = Debug;
		};
		5830EA032BB5E46A00ED6DEF /* Release */ = {
			isa = XCBuildConfiguration;
			buildSettings = {
				ALWAYS_SEARCH_USER_PATHS = NO;
				ASSETCATALOG_COMPILER_GENERATE_SWIFT_ASSET_SYMBOL_EXTENSIONS = YES;
				CLANG_ANALYZER_NONNULL = YES;
				CLANG_ANALYZER_NUMBER_OBJECT_CONVERSION = YES_AGGRESSIVE;
				CLANG_CXX_LANGUAGE_STANDARD = "gnu++20";
				CLANG_ENABLE_MODULES = YES;
				CLANG_ENABLE_OBJC_ARC = YES;
				CLANG_ENABLE_OBJC_WEAK = YES;
				CLANG_WARN_BLOCK_CAPTURE_AUTORELEASING = YES;
				CLANG_WARN_BOOL_CONVERSION = YES;
				CLANG_WARN_COMMA = YES;
				CLANG_WARN_CONSTANT_CONVERSION = YES;
				CLANG_WARN_DEPRECATED_OBJC_IMPLEMENTATIONS = YES;
				CLANG_WARN_DIRECT_OBJC_ISA_USAGE = YES_ERROR;
				CLANG_WARN_DOCUMENTATION_COMMENTS = YES;
				CLANG_WARN_EMPTY_BODY = YES;
				CLANG_WARN_ENUM_CONVERSION = YES;
				CLANG_WARN_INFINITE_RECURSION = YES;
				CLANG_WARN_INT_CONVERSION = YES;
				CLANG_WARN_NON_LITERAL_NULL_CONVERSION = YES;
				CLANG_WARN_OBJC_IMPLICIT_RETAIN_SELF = YES;
				CLANG_WARN_OBJC_LITERAL_CONVERSION = YES;
				CLANG_WARN_OBJC_ROOT_CLASS = YES_ERROR;
				CLANG_WARN_QUOTED_INCLUDE_IN_FRAMEWORK_HEADER = YES;
				CLANG_WARN_RANGE_LOOP_ANALYSIS = YES;
				CLANG_WARN_STRICT_PROTOTYPES = YES;
				CLANG_WARN_SUSPICIOUS_MOVE = YES;
				CLANG_WARN_UNGUARDED_AVAILABILITY = YES_AGGRESSIVE;
				CLANG_WARN_UNREACHABLE_CODE = YES;
				CLANG_WARN__DUPLICATE_METHOD_MATCH = YES;
				COPY_PHASE_STRIP = NO;
				DEBUG_INFORMATION_FORMAT = "dwarf-with-dsym";
				ENABLE_NS_ASSERTIONS = NO;
				ENABLE_STRICT_OBJC_MSGSEND = YES;
				ENABLE_USER_SCRIPT_SANDBOXING = YES;
				GCC_C_LANGUAGE_STANDARD = gnu17;
				GCC_NO_COMMON_BLOCKS = YES;
				GCC_WARN_64_TO_32_BIT_CONVERSION = YES;
				GCC_WARN_ABOUT_RETURN_TYPE = YES_ERROR;
				GCC_WARN_UNDECLARED_SELECTOR = YES;
				GCC_WARN_UNINITIALIZED_AUTOS = YES_AGGRESSIVE;
				GCC_WARN_UNUSED_FUNCTION = YES;
				GCC_WARN_UNUSED_VARIABLE = YES;
				IPHONEOS_DEPLOYMENT_TARGET = 15.0;
				LOCALIZATION_PREFERS_STRING_CATALOGS = YES;
				MTL_ENABLE_DEBUG_INFO = NO;
				MTL_FAST_MATH = YES;
				SDKROOT = iphoneos;
				SWIFT_COMPILATION_MODE = wholemodule;
				VALIDATE_PRODUCT = YES;
			};
			name = Release;
		};
		5830EA052BB5E46A00ED6DEF /* Debug */ = {
			isa = XCBuildConfiguration;
			buildSettings = {
				ASSETCATALOG_COMPILER_APPICON_NAME = AppIcon;
				ASSETCATALOG_COMPILER_GLOBAL_ACCENT_COLOR_NAME = AccentColor;
				CODE_SIGN_STYLE = Automatic;
				CURRENT_PROJECT_VERSION = 1;
				DEVELOPMENT_ASSET_PATHS = "\"AudioBloom/Preview Content\"";
				DEVELOPMENT_TEAM = QKHU8FT2PB;
				ENABLE_PREVIEWS = YES;
				GENERATE_INFOPLIST_FILE = YES;
				INFOPLIST_KEY_UIApplicationSceneManifest_Generation = YES;
				INFOPLIST_KEY_UIApplicationSupportsIndirectInputEvents = YES;
				INFOPLIST_KEY_UILaunchScreen_Generation = YES;
				INFOPLIST_KEY_UISupportedInterfaceOrientations = UIInterfaceOrientationPortrait;
				INFOPLIST_KEY_UISupportedInterfaceOrientations_iPad = "UIInterfaceOrientationLandscapeLeft UIInterfaceOrientationLandscapeRight UIInterfaceOrientationPortrait UIInterfaceOrientationPortraitUpsideDown";
				IPHONEOS_DEPLOYMENT_TARGET = 17.0;
				LD_RUNPATH_SEARCH_PATHS = (
					"$(inherited)",
					"@executable_path/Frameworks",
				);
				MARKETING_VERSION = 1.0;
				PRODUCT_BUNDLE_IDENTIFIER = com.angieFriz.audiobloom.AudioBloom;
				PRODUCT_NAME = "$(TARGET_NAME)";
				SUPPORTED_PLATFORMS = "iphoneos iphonesimulator";
				SUPPORTS_MACCATALYST = NO;
				SUPPORTS_MAC_DESIGNED_FOR_IPHONE_IPAD = NO;
				SUPPORTS_XR_DESIGNED_FOR_IPHONE_IPAD = NO;
				SWIFT_EMIT_LOC_STRINGS = YES;
				SWIFT_VERSION = 5.0;
				TARGETED_DEVICE_FAMILY = 1;
			};
			name = Debug;
		};
		5830EA062BB5E46A00ED6DEF /* Release */ = {
			isa = XCBuildConfiguration;
			buildSettings = {
				ASSETCATALOG_COMPILER_APPICON_NAME = AppIcon;
				ASSETCATALOG_COMPILER_GLOBAL_ACCENT_COLOR_NAME = AccentColor;
				CODE_SIGN_STYLE = Automatic;
				CURRENT_PROJECT_VERSION = 1;
				DEVELOPMENT_ASSET_PATHS = "\"AudioBloom/Preview Content\"";
				DEVELOPMENT_TEAM = QKHU8FT2PB;
				ENABLE_PREVIEWS = YES;
				GENERATE_INFOPLIST_FILE = YES;
				INFOPLIST_KEY_UIApplicationSceneManifest_Generation = YES;
				INFOPLIST_KEY_UIApplicationSupportsIndirectInputEvents = YES;
				INFOPLIST_KEY_UILaunchScreen_Generation = YES;
				INFOPLIST_KEY_UISupportedInterfaceOrientations = UIInterfaceOrientationPortrait;
				INFOPLIST_KEY_UISupportedInterfaceOrientations_iPad = "UIInterfaceOrientationLandscapeLeft UIInterfaceOrientationLandscapeRight UIInterfaceOrientationPortrait UIInterfaceOrientationPortraitUpsideDown";
				IPHONEOS_DEPLOYMENT_TARGET = 17.0;
				LD_RUNPATH_SEARCH_PATHS = (
					"$(inherited)",
					"@executable_path/Frameworks",
				);
				MARKETING_VERSION = 1.0;
				PRODUCT_BUNDLE_IDENTIFIER = com.angieFriz.audiobloom.AudioBloom;
				PRODUCT_NAME = "$(TARGET_NAME)";
				SUPPORTED_PLATFORMS = "iphoneos iphonesimulator";
				SUPPORTS_MACCATALYST = NO;
				SUPPORTS_MAC_DESIGNED_FOR_IPHONE_IPAD = NO;
				SUPPORTS_XR_DESIGNED_FOR_IPHONE_IPAD = NO;
				SWIFT_EMIT_LOC_STRINGS = YES;
				SWIFT_VERSION = 5.0;
				TARGETED_DEVICE_FAMILY = 1;
			};
			name = Release;
		};
		5830EA082BB5E46A00ED6DEF /* Debug */ = {
			isa = XCBuildConfiguration;
			buildSettings = {
				ALWAYS_EMBED_SWIFT_STANDARD_LIBRARIES = YES;
				BUNDLE_LOADER = "$(TEST_HOST)";
				CODE_SIGN_STYLE = Automatic;
				CURRENT_PROJECT_VERSION = 1;
				DEVELOPMENT_TEAM = QKHU8FT2PB;
				GENERATE_INFOPLIST_FILE = YES;
				IPHONEOS_DEPLOYMENT_TARGET = 17.4;
				MARKETING_VERSION = 1.0;
				PRODUCT_BUNDLE_IDENTIFIER = com.angieFriz.audiobloom.AudioBloomTests;
				PRODUCT_NAME = "$(TARGET_NAME)";
				SWIFT_EMIT_LOC_STRINGS = NO;
				SWIFT_VERSION = 5.0;
				TARGETED_DEVICE_FAMILY = "1,2";
				TEST_HOST = "$(BUILT_PRODUCTS_DIR)/AudioBloom.app/$(BUNDLE_EXECUTABLE_FOLDER_PATH)/AudioBloom";
			};
			name = Debug;
		};
		5830EA092BB5E46A00ED6DEF /* Release */ = {
			isa = XCBuildConfiguration;
			buildSettings = {
				ALWAYS_EMBED_SWIFT_STANDARD_LIBRARIES = YES;
				BUNDLE_LOADER = "$(TEST_HOST)";
				CODE_SIGN_STYLE = Automatic;
				CURRENT_PROJECT_VERSION = 1;
				DEVELOPMENT_TEAM = QKHU8FT2PB;
				GENERATE_INFOPLIST_FILE = YES;
				IPHONEOS_DEPLOYMENT_TARGET = 17.4;
				MARKETING_VERSION = 1.0;
				PRODUCT_BUNDLE_IDENTIFIER = com.angieFriz.audiobloom.AudioBloomTests;
				PRODUCT_NAME = "$(TARGET_NAME)";
				SWIFT_EMIT_LOC_STRINGS = NO;
				SWIFT_VERSION = 5.0;
				TARGETED_DEVICE_FAMILY = "1,2";
				TEST_HOST = "$(BUILT_PRODUCTS_DIR)/AudioBloom.app/$(BUNDLE_EXECUTABLE_FOLDER_PATH)/AudioBloom";
			};
			name = Release;
		};
		5830EA0B2BB5E46A00ED6DEF /* Debug */ = {
			isa = XCBuildConfiguration;
			buildSettings = {
				ALWAYS_EMBED_SWIFT_STANDARD_LIBRARIES = YES;
				CODE_SIGN_STYLE = Automatic;
				CURRENT_PROJECT_VERSION = 1;
				DEVELOPMENT_TEAM = QKHU8FT2PB;
				GENERATE_INFOPLIST_FILE = YES;
				MARKETING_VERSION = 1.0;
				PRODUCT_BUNDLE_IDENTIFIER = com.angieFriz.audiobloom.AudioBloomUITests;
				PRODUCT_NAME = "$(TARGET_NAME)";
				SWIFT_EMIT_LOC_STRINGS = NO;
				SWIFT_VERSION = 5.0;
				TARGETED_DEVICE_FAMILY = "1,2";
				TEST_TARGET_NAME = AudioBloom;
			};
			name = Debug;
		};
		5830EA0C2BB5E46A00ED6DEF /* Release */ = {
			isa = XCBuildConfiguration;
			buildSettings = {
				ALWAYS_EMBED_SWIFT_STANDARD_LIBRARIES = YES;
				CODE_SIGN_STYLE = Automatic;
				CURRENT_PROJECT_VERSION = 1;
				DEVELOPMENT_TEAM = QKHU8FT2PB;
				GENERATE_INFOPLIST_FILE = YES;
				MARKETING_VERSION = 1.0;
				PRODUCT_BUNDLE_IDENTIFIER = com.angieFriz.audiobloom.AudioBloomUITests;
				PRODUCT_NAME = "$(TARGET_NAME)";
				SWIFT_EMIT_LOC_STRINGS = NO;
				SWIFT_VERSION = 5.0;
				TARGETED_DEVICE_FAMILY = "1,2";
				TEST_TARGET_NAME = AudioBloom;
			};
			name = Release;
		};
/* End XCBuildConfiguration section */

/* Begin XCConfigurationList section */
		5830E9DB2BB5E46100ED6DEF /* Build configuration list for PBXProject "AudioBloom" */ = {
			isa = XCConfigurationList;
			buildConfigurations = (
				5830EA022BB5E46A00ED6DEF /* Debug */,
				5830EA032BB5E46A00ED6DEF /* Release */,
			);
			defaultConfigurationIsVisible = 0;
			defaultConfigurationName = Release;
		};
		5830EA042BB5E46A00ED6DEF /* Build configuration list for PBXNativeTarget "AudioBloom" */ = {
			isa = XCConfigurationList;
			buildConfigurations = (
				5830EA052BB5E46A00ED6DEF /* Debug */,
				5830EA062BB5E46A00ED6DEF /* Release */,
			);
			defaultConfigurationIsVisible = 0;
			defaultConfigurationName = Release;
		};
		5830EA072BB5E46A00ED6DEF /* Build configuration list for PBXNativeTarget "AudioBloomTests" */ = {
			isa = XCConfigurationList;
			buildConfigurations = (
				5830EA082BB5E46A00ED6DEF /* Debug */,
				5830EA092BB5E46A00ED6DEF /* Release */,
			);
			defaultConfigurationIsVisible = 0;
			defaultConfigurationName = Release;
		};
		5830EA0A2BB5E46A00ED6DEF /* Build configuration list for PBXNativeTarget "AudioBloomUITests" */ = {
			isa = XCConfigurationList;
			buildConfigurations = (
				5830EA0B2BB5E46A00ED6DEF /* Debug */,
				5830EA0C2BB5E46A00ED6DEF /* Release */,
			);
			defaultConfigurationIsVisible = 0;
			defaultConfigurationName = Release;
		};
/* End XCConfigurationList section */

/* Begin XCRemoteSwiftPackageReference section */
		5830EA0D2BB5E5A000ED6DEF /* XCRemoteSwiftPackageReference "swift-composable-architecture" */ = {
			isa = XCRemoteSwiftPackageReference;
			repositoryURL = "https://github.com/pointfreeco/swift-composable-architecture";
			requirement = {
				kind = upToNextMajorVersion;
				minimumVersion = 1.9.2;
			};
		};
		5830EA0E2BB5E5E400ED6DEF /* XCRemoteSwiftPackageReference "swift-composable-architecture-extras" */ = {
			isa = XCRemoteSwiftPackageReference;
			repositoryURL = "https://github.com/Ryu0118/swift-composable-architecture-extras";
			requirement = {
				kind = upToNextMajorVersion;
				minimumVersion = 1.4.0;
			};
		};
/* End XCRemoteSwiftPackageReference section */

/* Begin XCSwiftPackageProductDependency section */
		5830EA172BB5E89B00ED6DEF /* ComposableArchitecture */ = {
			isa = XCSwiftPackageProductDependency;
			package = 5830EA0D2BB5E5A000ED6DEF /* XCRemoteSwiftPackageReference "swift-composable-architecture" */;
			productName = ComposableArchitecture;
		};
		5830EA192BB5E8A700ED6DEF /* ComposableArchitectureExtras */ = {
			isa = XCSwiftPackageProductDependency;
			package = 5830EA0E2BB5E5E400ED6DEF /* XCRemoteSwiftPackageReference "swift-composable-architecture-extras" */;
			productName = ComposableArchitectureExtras;
		};
/* End XCSwiftPackageProductDependency section */
	};
	rootObject = 5830E9D82BB5E46100ED6DEF /* Project object */;
}
